{
    "_readme": [
        "This file locks the dependencies of your project to a known state",
        "Read more about it at https://getcomposer.org/doc/01-basic-usage.md#composer-lock-the-lock-file",
        "This file is @generated automatically"
    ],
    "content-hash": "8d4803dde1b5e43046fbdd1d47390018",
    "packages": [],
    "packages-dev": [
        {
            "name": "crisu83/yiistrap",
            "version": "dev-develop",
            "source": {
                "type": "git",
                "url": "https://github.com/crisu83/yiistrap.git",
                "reference": "98ba4b081070c6285be26ef676106608edfe40ea"
            },
            "dist": {
                "type": "zip",
                "url": "https://files.phpcomposer.com/files/crisu83/yiistrap/98ba4b081070c6285be26ef676106608edfe40ea.zip",
                "reference": "98ba4b081070c6285be26ef676106608edfe40ea",
                "shasum": ""
            },
            "require": {
                "twbs/bootstrap": ">=3.3.0"
            },
            "require-dev": {
                "apigen/apigen": "~4.0",
                "codeception/codeception": "@stable",
                "crisu83/yii-composer": ">=1.0.0",
                "yiisoft/yii": ">=1.1.13"
            },
            "type": "library",
            "extra": {
                "branch-alias": {
                    "dev-develop": "2.0.x-dev"
                },
                "yii-install-writable": [
                    "tests/_log"
                ]
            },
            "autoload": {
                "classmap": [
                    "behaviors/",
                    "components/",
                    "form/",
                    "helpers/",
                    "widgets/",
                    "gii/bootstrap/BootstrapCode.php"
                ]
            },
            "notification-url": "https://packagist.org/downloads/",
            "license": [
                "BSD-3-Clause"
            ],
            "authors": [
                {
                    "name": "Christoffer Niska",
                    "email": "christoffer.niska@gmail.com",
                    "homepage": "http://www.cniska.net/"
                },
                {
                    "name": "Antonio Ramirez",
                    "email": "ramirez.cobos@gmail.com",
                    "homepage": "http://www.ramirezcobos.com/"
                }
            ],
            "description": "Twitter Bootstrap for the Yii PHP framework.",
            "keywords": [
                "bootstrap",
                "yii"
            ],
            "time": "2015-04-17T07:37:12+00:00"
        },
        {
            "name": "likai/yii-webserver",
            "version": "dev-master",
            "source": {
                "type": "git",
                "url": "https://github.com/tlikai/yii-webserver.git",
                "reference": "4cc1c389560a60e6bd290a29c61e42d123a1e3d0"
            },
            "dist": {
                "type": "zip",
                "url": "https://files.phpcomposer.com/files/tlikai/yii-webserver/4cc1c389560a60e6bd290a29c61e42d123a1e3d0.zip",
                "reference": "4cc1c389560a60e6bd290a29c61e42d123a1e3d0",
                "shasum": ""
            },
            "require": {
                "php": ">=5.4.0"
            },
            "type": "yii-extension",
            "autoload": {
                "psr-0": {
                    "Likai\\YiiWebserver": "src/"
                }
            },
            "notification-url": "https://packagist.org/downloads/",
            "license": [
                "New BSD"
            ],
            "authors": [
                {
                    "name": "Likai",
                    "email": "youyuge@gmail.com",
                    "homepage": "http://youyuge.com"
                }
            ],
            "description": "Yii development web server",
            "homepage": "https://github.com/tlikai/yii-webserver",
            "keywords": [
                "extension",
                "webserver",
                "yii"
            ],
            "time": "2013-08-03T08:18:48+00:00"
        },
        {
            "name": "twbs/bootstrap",
            "version": "v3.3.7",
            "source": {
                "type": "git",
                "url": "https://github.com/twbs/bootstrap.git",
                "reference": "0b9c4a4007c44201dce9a6cc1a38407005c26c86"
            },
            "dist": {
                "type": "zip",
                "url": "https://files.phpcomposer.com/files/twbs/bootstrap/0b9c4a4007c44201dce9a6cc1a38407005c26c86.zip",
                "reference": "0b9c4a4007c44201dce9a6cc1a38407005c26c86",
                "shasum": ""
            },
            "replace": {
                "twitter/bootstrap": "self.version"
            },
            "type": "library",
            "extra": {
                "branch-alias": {
                    "dev-master": "3.3.x-dev"
                }
            },
            "notification-url": "https://packagist.org/downloads/",
            "license": [
                "MIT"
            ],
            "authors": [
                {
                    "name": "Jacob Thornton",
                    "email": "jacobthornton@gmail.com"
                },
                {
                    "name": "Mark Otto",
                    "email": "markdotto@gmail.com"
                }
            ],
            "description": "The most popular front-end framework for developing responsive, mobile first projects on the web.",
            "homepage": "http://getbootstrap.com",
            "keywords": [
                "JS",
                "css",
                "framework",
                "front-end",
                "less",
                "mobile-first",
                "responsive",
                "web"
            ],
            "time": "2016-07-25T15:51:55+00:00"
        }
    ],
    "aliases": [],
    "minimum-stability": "stable",
    "stability-flags": {
        "likai/yii-webserver": 20,
        "crisu83/yiistrap": 20
    },
    "prefer-stable": false,
    "prefer-lowest": false,
    "platform": [],
    "platform-dev": []
}
